{
  "name": "@zdy/react-native-chat-bubble",
  "version": "1.0.0",
  "lockfileVersion": 1,
  "requires": true,
  "dependencies": {
    "moment": {
      "version": "2.18.1",
      "resolved": "http://localhost:4873/moment/-/moment-2.18.1.tgz",
      "integrity": "sha1-w2GT3Tzhwu7SrbfIAtu8d6gbHA8="
    },
    "react-native-communications": {
      "version": "2.2.1",
      "resolved": "http://localhost:4873/react-native-communications/-/react-native-communications-2.2.1.tgz",
      "integrity": "sha1-eIO1ayCgAu63kMET+GFuqGksp5U="
    },
    "react-native-parsed-text": {
      "version": "0.0.18",
      "resolved": "http://localhost:4873/react-native-parsed-text/-/react-native-parsed-text-0.0.18.tgz",
      "integrity": "sha1-tSjrbxQQ9VLS4/2NgNp/8KeJDHE="
    }
  }
}
